
Microsoft Visual Studio Solution File, Format Version 12.00
# Visual Studio Version 17
VisualStudioVersion = 17.0.31903.59
MinimumVisualStudioVersion = 10.0.40219.1
Project("{2150E333-8FDC-42A3-9474-1A3956D46DE8}") = "src", "src", "{827E0CD3-B72D-47B6-A68D-7590B98EB39B}"
EndProject
Project("{FAE04EC0-301F-11D3-BF4B-00C04F79EFBC}") = "PubInvest.HouseConfig.Domain", "src\PubInvest.HouseConfig.Domain\PubInvest.HouseConfig.Domain.csproj", "{1159B222-9CBF-41E9-BC38-0F7D9540C93A}"
EndProject
Project("{2150E333-8FDC-42A3-9474-1A3956D46DE8}") = "tests", "tests", "{0AB3BF05-4346-4AA6-1389-037BE0695223}"
EndProject
Project("{FAE04EC0-301F-11D3-BF4B-00C04F79EFBC}") = "PubInvest.HouseConfig.Domain.Tests", "tests\PubInvest.HouseConfig.Domain.Tests\PubInvest.HouseConfig.Domain.Tests.csproj", "{6FA94F58-770B-4C01-874A-FC0F9BF78A07}"
EndProject
Project("{FAE04EC0-301F-11D3-BF4B-00C04F79EFBC}") = "PubInvest.HouseConfig.Data", "src\PubInvest.HouseConfig.Data\PubInvest.HouseConfig.Data.csproj", "{8C9B20A6-3FEB-4C4B-B926-19C7283F510B}"
EndProject
Project("{FAE04EC0-301F-11D3-BF4B-00C04F79EFBC}") = "PubInvest.HouseConfig.Data.Tests", "tests\PubInvest.HouseConfig.Data.Tests\PubInvest.HouseConfig.Data.Tests.csproj", "{7F228F79-EB56-49BD-963A-13F96F307308}"
EndProject
Global
	GlobalSection(SolutionConfigurationPlatforms) = preSolution
		Debug|Any CPU = Debug|Any CPU
		Debug|x64 = Debug|x64
		Debug|x86 = Debug|x86
		Release|Any CPU = Release|Any CPU
		Release|x64 = Release|x64
		Release|x86 = Release|x86
	EndGlobalSection
	GlobalSection(ProjectConfigurationPlatforms) = postSolution
		{1159B222-9CBF-41E9-BC38-0F7D9540C93A}.Debug|Any CPU.ActiveCfg = Debug|Any CPU
		{1159B222-9CBF-41E9-BC38-0F7D9540C93A}.Debug|Any CPU.Build.0 = Debug|Any CPU
		{1159B222-9CBF-41E9-BC38-0F7D9540C93A}.Debug|x64.ActiveCfg = Debug|Any CPU
		{1159B222-9CBF-41E9-BC38-0F7D9540C93A}.Debug|x64.Build.0 = Debug|Any CPU
		{1159B222-9CBF-41E9-BC38-0F7D9540C93A}.Debug|x86.ActiveCfg = Debug|Any CPU
		{1159B222-9CBF-41E9-BC38-0F7D9540C93A}.Debug|x86.Build.0 = Debug|Any CPU
		{1159B222-9CBF-41E9-BC38-0F7D9540C93A}.Release|Any CPU.ActiveCfg = Release|Any CPU
		{1159B222-9CBF-41E9-BC38-0F7D9540C93A}.Release|Any CPU.Build.0 = Release|Any CPU
		{1159B222-9CBF-41E9-BC38-0F7D9540C93A}.Release|x64.ActiveCfg = Release|Any CPU
		{1159B222-9CBF-41E9-BC38-0F7D9540C93A}.Release|x64.Build.0 = Release|Any CPU
		{1159B222-9CBF-41E9-BC38-0F7D9540C93A}.Release|x86.ActiveCfg = Release|Any CPU
		{1159B222-9CBF-41E9-BC38-0F7D9540C93A}.Release|x86.Build.0 = Release|Any CPU
		{6FA94F58-770B-4C01-874A-FC0F9BF78A07}.Debug|Any CPU.ActiveCfg = Debug|Any CPU
		{6FA94F58-770B-4C01-874A-FC0F9BF78A07}.Debug|Any CPU.Build.0 = Debug|Any CPU
		{6FA94F58-770B-4C01-874A-FC0F9BF78A07}.Debug|x64.ActiveCfg = Debug|Any CPU
		{6FA94F58-770B-4C01-874A-FC0F9BF78A07}.Debug|x64.Build.0 = Debug|Any CPU
		{6FA94F58-770B-4C01-874A-FC0F9BF78A07}.Debug|x86.ActiveCfg = Debug|Any CPU
		{6FA94F58-770B-4C01-874A-FC0F9BF78A07}.Debug|x86.Build.0 = Debug|Any CPU
		{6FA94F58-770B-4C01-874A-FC0F9BF78A07}.Release|Any CPU.ActiveCfg = Release|Any CPU
		{6FA94F58-770B-4C01-874A-FC0F9BF78A07}.Release|Any CPU.Build.0 = Release|Any CPU
		{6FA94F58-770B-4C01-874A-FC0F9BF78A07}.Release|x64.ActiveCfg = Release|Any CPU
		{6FA94F58-770B-4C01-874A-FC0F9BF78A07}.Release|x64.Build.0 = Release|Any CPU
		{6FA94F58-770B-4C01-874A-FC0F9BF78A07}.Release|x86.ActiveCfg = Release|Any CPU
		{6FA94F58-770B-4C01-874A-FC0F9BF78A07}.Release|x86.Build.0 = Release|Any CPU
		{8C9B20A6-3FEB-4C4B-B926-19C7283F510B}.Debug|Any CPU.ActiveCfg = Debug|Any CPU
		{8C9B20A6-3FEB-4C4B-B926-19C7283F510B}.Debug|Any CPU.Build.0 = Debug|Any CPU
		{8C9B20A6-3FEB-4C4B-B926-19C7283F510B}.Debug|x64.ActiveCfg = Debug|Any CPU
		{8C9B20A6-3FEB-4C4B-B926-19C7283F510B}.Debug|x64.Build.0 = Debug|Any CPU
		{8C9B20A6-3FEB-4C4B-B926-19C7283F510B}.Debug|x86.ActiveCfg = Debug|Any CPU
		{8C9B20A6-3FEB-4C4B-B926-19C7283F510B}.Debug|x86.Build.0 = Debug|Any CPU
		{8C9B20A6-3FEB-4C4B-B926-19C7283F510B}.Release|Any CPU.ActiveCfg = Release|Any CPU
		{8C9B20A6-3FEB-4C4B-B926-19C7283F510B}.Release|Any CPU.Build.0 = Release|Any CPU
		{8C9B20A6-3FEB-4C4B-B926-19C7283F510B}.Release|x64.ActiveCfg = Release|Any CPU
		{8C9B20A6-3FEB-4C4B-B926-19C7283F510B}.Release|x64.Build.0 = Release|Any CPU
		{8C9B20A6-3FEB-4C4B-B926-19C7283F510B}.Release|x86.ActiveCfg = Release|Any CPU
		{8C9B20A6-3FEB-4C4B-B926-19C7283F510B}.Release|x86.Build.0 = Release|Any CPU
		{7F228F79-EB56-49BD-963A-13F96F307308}.Debug|Any CPU.ActiveCfg = Debug|Any CPU
		{7F228F79-EB56-49BD-963A-13F96F307308}.Debug|Any CPU.Build.0 = Debug|Any CPU
		{7F228F79-EB56-49BD-963A-13F96F307308}.Debug|x64.ActiveCfg = Debug|Any CPU
		{7F228F79-EB56-49BD-963A-13F96F307308}.Debug|x64.Build.0 = Debug|Any CPU
		{7F228F79-EB56-49BD-963A-13F96F307308}.Debug|x86.ActiveCfg = Debug|Any CPU
		{7F228F79-EB56-49BD-963A-13F96F307308}.Debug|x86.Build.0 = Debug|Any CPU
		{7F228F79-EB56-49BD-963A-13F96F307308}.Release|Any CPU.ActiveCfg = Release|Any CPU
		{7F228F79-EB56-49BD-963A-13F96F307308}.Release|Any CPU.Build.0 = Release|Any CPU
		{7F228F79-EB56-49BD-963A-13F96F307308}.Release|x64.ActiveCfg = Release|Any CPU
		{7F228F79-EB56-49BD-963A-13F96F307308}.Release|x64.Build.0 = Release|Any CPU
		{7F228F79-EB56-49BD-963A-13F96F307308}.Release|x86.ActiveCfg = Release|Any CPU
		{7F228F79-EB56-49BD-963A-13F96F307308}.Release|x86.Build.0 = Release|Any CPU
	EndGlobalSection
	GlobalSection(SolutionProperties) = preSolution
		HideSolutionNode = FALSE
	EndGlobalSection
	GlobalSection(NestedProjects) = preSolution
		{1159B222-9CBF-41E9-BC38-0F7D9540C93A} = {827E0CD3-B72D-47B6-A68D-7590B98EB39B}
		{6FA94F58-770B-4C01-874A-FC0F9BF78A07} = {0AB3BF05-4346-4AA6-1389-037BE0695223}
		{8C9B20A6-3FEB-4C4B-B926-19C7283F510B} = {827E0CD3-B72D-47B6-A68D-7590B98EB39B}
		{7F228F79-EB56-49BD-963A-13F96F307308} = {0AB3BF05-4346-4AA6-1389-037BE0695223}
	EndGlobalSection
EndGlobal
